// !$*UTF8*$!
{
	archiveVersion = 1;
	classes = {
	};
	objectVersion = 46;
	objects = {

/* Begin PBXBuildFile section */
		36CE9B3E1BBA4377003028A3 /* main.m in Sources */ = {isa = PBXBuildFile; fileRef = 36CE9B3D1BBA4377003028A3 /* main.m */; };
		36CE9B411BBA4377003028A3 /* AppDelegate.m in Sources */ = {isa = PBXBuildFile; fileRef = 36CE9B401BBA4377003028A3 /* AppDelegate.m */; };
		36CE9B441BBA4377003028A3 /* ViewController.m in Sources */ = {isa = PBXBuildFile; fileRef = 36CE9B431BBA4377003028A3 /* ViewController.m */; };
		36CE9B471BBA4377003028A3 /* Main.storyboard in Resources */ = {isa = PBXBuildFile; fileRef = 36CE9B451BBA4377003028A3 /* Main.storyboard */; };
		36CE9B491BBA4377003028A3 /* Assets.xcassets in Resources */ = {isa = PBXBuildFile; fileRef = 36CE9B481BBA4377003028A3 /* Assets.xcassets */; };
		36CE9B4C1BBA4377003028A3 /* LaunchScreen.storyboard in Resources */ = {isa = PBXBuildFile; fileRef = 36CE9B4A1BBA4377003028A3 /* LaunchScreen.storyboard */; };
		36CE9B571BBA47A6003028A3 /* index.html in Resources */ = {isa = PBXBuildFile; fileRef = 36CE9B561BBA47A6003028A3 /* index.html */; settings = {ASSET_TAGS = (); }; };
		36CE9B601BBA5D92003028A3 /* PMFindHistory.m in Sources */ = {isa = PBXBuildFile; fileRef = 36CE9B5D1BBA5D92003028A3 /* PMFindHistory.m */; settings = {ASSET_TAGS = (); }; };
		36CE9B611BBA5D92003028A3 /* PMPay.m in Sources */ = {isa = PBXBuildFile; fileRef = 36CE9B5F1BBA5D92003028A3 /* PMPay.m */; settings = {ASSET_TAGS = (); }; };
/* End PBXBuildFile section */

/* Begin PBXFileReference section */
		36CE9B391BBA4377003028A3 /* JSWebViewDemo.app */ = {isa = PBXFileReference; explicitFileType = wrapper.application; includeInIndex = 0; path = JSWebViewDemo.app; sourceTree = BUILT_PRODUCTS_DIR; };
		36CE9B3D1BBA4377003028A3 /* main.m */ = {isa = PBXFileReference; lastKnownFileType = sourcecode.c.objc; path = main.m; sourceTree = "<group>"; };
		36CE9B3F1BBA4377003028A3 /* AppDelegate.h */ = {isa = PBXFileReference; lastKnownFileType = sourcecode.c.h; path = AppDelegate.h; sourceTree = "<group>"; };
		36CE9B401BBA4377003028A3 /* AppDelegate.m */ = {isa = PBXFileReference; lastKnownFileType = sourcecode.c.objc; path = AppDelegate.m; sourceTree = "<group>"; };
		36CE9B421BBA4377003028A3 /* ViewController.h */ = {isa = PBXFileReference; lastKnownFileType = sourcecode.c.h; path = ViewController.h; sourceTree = "<group>"; };
		36CE9B431BBA4377003028A3 /* ViewController.m */ = {isa = PBXFileReference; lastKnownFileType = sourcecode.c.objc; path = ViewController.m; sourceTree = "<group>"; };
		36CE9B461BBA4377003028A3 /* Base */ = {isa = PBXFileReference; lastKnownFileType = file.storyboard; name = Base; path = Base.lproj/Main.storyboard; sourceTree = "<group>"; };
		36CE9B481BBA4377003028A3 /* Assets.xcassets */ = {isa = PBXFileReference; lastKnownFileType = folder.assetcatalog; path = Assets.xcassets; sourceTree = "<group>"; };
		36CE9B4B1BBA4377003028A3 /* Base */ = {isa = PBXFileReference; lastKnownFileType = file.storyboard; name = Base; path = Base.lproj/LaunchScreen.storyboard; sourceTree = "<group>"; };
		36CE9B4D1BBA4377003028A3 /* Info.plist */ = {isa = PBXFileReference; lastKnownFileType = text.plist.xml; path = Info.plist; sourceTree = "<group>"; };
		36CE9B561BBA47A6003028A3 /* index.html */ = {isa = PBXFileReference; fileEncoding = 4; lastKnownFileType = text.html; path = index.html; sourceTree = "<group>"; };
		36CE9B5C1BBA5D92003028A3 /* PMFindHistory.h */ = {isa = PBXFileReference; fileEncoding = 4; lastKnownFileType = sourcecode.c.h; path = PMFindHistory.h; sourceTree = "<group>"; };
		36CE9B5D1BBA5D92003028A3 /* PMFindHistory.m */ = {isa = PBXFileReference; fileEncoding = 4; lastKnownFileType = sourcecode.c.objc; path = PMFindHistory.m; sourceTree = "<group>"; };
		36CE9B5E1BBA5D92003028A3 /* PMPay.h */ = {isa = PBXFileReference; fileEncoding = 4; lastKnownFileType = sourcecode.c.h; path = PMPay.h; sourceTree = "<group>"; };
		36CE9B5F1BBA5D92003028A3 /* PMPay.m */ = {isa = PBXFileReference; fileEncoding = 4; lastKnownFileType = sourcecode.c.objc; path = PMPay.m; sourceTree = "<group>"; };
/* End PBXFileReference section */

/* Begin PBXFrameworksBuildPhase section */
		36CE9B361BBA4377003028A3 /* Frameworks */ = {
			isa = PBXFrameworksBuildPhase;
			buildActionMask = 2147483647;
			files = (
			);
			runOnlyForDeploymentPostprocessing = 0;
		};
/* End PBXFrameworksBuildPhase section */

/* Begin PBXGroup section */
		36CE9B301BBA4377003028A3 = {
			isa = PBXGroup;
			children = (
				36CE9B3B1BBA4377003028A3 /* JSWebViewDemo */,
				36CE9B3A1BBA4377003028A3 /* Products */,
			);
			sourceTree = "<group>";
		};
		36CE9B3A1BBA4377003028A3 /* Products */ = {
			isa = PBXGroup;
			children = (
				36CE9B391BBA4377003028A3 /* JSWebViewDemo.app */,
			);
			name = Products;
			sourceTree = "<group>";
		};
		36CE9B3B1BBA4377003028A3 /* JSWebViewDemo */ = {
			isa = PBXGroup;
			children = (
				36CE9B5B1BBA5D92003028A3 /* JSClass */,
				36CE9B3F1BBA4377003028A3 /* AppDelegate.h */,
				36CE9B401BBA4377003028A3 /* AppDelegate.m */,
				36CE9B421BBA4377003028A3 /* ViewController.h */,
				36CE9B431BBA4377003028A3 /* ViewController.m */,
				36CE9B561BBA47A6003028A3 /* index.html */,
				36CE9B451BBA4377003028A3 /* Main.storyboard */,
				36CE9B481BBA4377003028A3 /* Assets.xcassets */,
				36CE9B4A1BBA4377003028A3 /* LaunchScreen.storyboard */,
				36CE9B4D1BBA4377003028A3 /* Info.plist */,
				36CE9B3C1BBA4377003028A3 /* Supporting Files */,
			);
			path = JSWebViewDemo;
			sourceTree = "<group>";
		};
		36CE9B3C1BBA4377003028A3 /* Supporting Files */ = {
			isa = PBXGroup;
			children = (
				36CE9B3D1BBA4377003028A3 /* main.m */,
			);
			name = "Supporting Files";
			sourceTree = "<group>";
		};
		36CE9B5B1BBA5D92003028A3 /* JSClass */ = {
			isa = PBXGroup;
			children = (
				36CE9B5C1BBA5D92003028A3 /* PMFindHistory.h */,
				36CE9B5D1BBA5D92003028A3 /* PMFindHistory.m */,
				36CE9B5E1BBA5D92003028A3 /* PMPay.h */,
				36CE9B5F1BBA5D92003028A3 /* PMPay.m */,
			);
			path = JSClass;
			sourceTree = "<group>";
		};
/* End PBXGroup section */

/* Begin PBXNativeTarget section */
		36CE9B381BBA4377003028A3 /* JSWebViewDemo */ = {
			isa = PBXNativeTarget;
			buildConfigurationList = 36CE9B501BBA4377003028A3 /* Build configuration list for PBXNativeTarget "JSWebViewDemo" */;
			buildPhases = (
				36CE9B351BBA4377003028A3 /* Sources */,
				36CE9B361BBA4377003028A3 /* Frameworks */,
				36CE9B371BBA4377003028A3 /* Resources */,
			);
			buildRules = (
			);
			dependencies = (
			);
			name = JSWebViewDemo;
			productName = JSWebViewDemo;
			productReference = 36CE9B391BBA4377003028A3 /* JSWebViewDemo.app */;
			productType = "com.apple.product-type.application";
		};
/* End PBXNativeTarget section */

/* Begin PBXProject section */
		36CE9B311BBA4377003028A3 /* Project object */ = {
			isa = PBXProject;
			attributes = {
				LastUpgradeCheck = 0700;
				ORGANIZATIONNAME = majian;
				TargetAttributes = {
					36CE9B381BBA4377003028A3 = {
						CreatedOnToolsVersion = 7.0;
					};
				};
			};
			buildConfigurationList = 36CE9B341BBA4377003028A3 /* Build configuration list for PBXProject "JSWebViewDemo" */;
			compatibilityVersion = "Xcode 3.2";
			developmentRegion = English;
			hasScannedForEncodings = 0;
			knownRegions = (
				en,
				Base,
			);
			mainGroup = 36CE9B301BBA4377003028A3;
			productRefGroup = 36CE9B3A1BBA4377003028A3 /* Products */;
			projectDirPath = "";
			projectRoot = "";
			targets = (
				36CE9B381BBA4377003028A3 /* JSWebViewDemo */,
			);
		};
/* End PBXProject section */

/* Begin PBXResourcesBuildPhase section */
		36CE9B371BBA4377003028A3 /* Resources */ = {
			isa = PBXResourcesBuildPhase;
			buildActionMask = 2147483647;
			files = (
				36CE9B4C1BBA4377003028A3 /* LaunchScreen.storyboard in Resources */,
				36CE9B571BBA47A6003028A3 /* index.html in Resources */,
				36CE9B491BBA4377003028A3 /* Assets.xcassets in Resources */,
				36CE9B471BBA4377003028A3 /* Main.storyboard in Resources */,
			);
			runOnlyForDeploymentPostprocessing = 0;
		};
/* End PBXResourcesBuildPhase section */

/* Begin PBXSourcesBuildPhase section */
		36CE9B351BBA4377003028A3 /* Sources */ = {
			isa = PBXSourcesBuildPhase;
			buildActionMask = 2147483647;
			files = (
				36CE9B611BBA5D92003028A3 /* PMPay.m in Sources */,
				36CE9B441BBA4377003028A3 /* ViewController.m in Sources */,
				36CE9B601BBA5D92003028A3 /* PMFindHistory.m in Sources */,
				36CE9B411BBA4377003028A3 /* AppDelegate.m in Sources */,
				36CE9B3E1BBA4377003028A3 /* main.m in Sources */,
			);
			runOnlyForDeploymentPostprocessing = 0;
		};
/* End PBXSourcesBuildPhase section */

/* Begin PBXVariantGroup section */
		36CE9B451BBA4377003028A3 /* Main.storyboard */ = {
			isa = PBXVariantGroup;
			children = (
				36CE9B461BBA4377003028A3 /* Base */,
			);
			name = Main.storyboard;
			sourceTree = "<group>";
		};
		36CE9B4A1BBA4377003028A3 /* LaunchScreen.storyboard */ = {
			isa = PBXVariantGroup;
			children = (
				36CE9B4B1BBA4377003028A3 /* Base */,
			);
			name = LaunchScreen.storyboard;
			sourceTree = "<group>";
		};
/* End PBXVariantGroup section */

/* Begin XCBuildConfiguration section */
		36CE9B4E1BBA4377003028A3 /* Debug */ = {
			isa = XCBuildConfiguration;
			buildSettings = {
				ALWAYS_SEARCH_USER_PATHS = NO;
				CLANG_CXX_LANGUAGE_STANDARD = "gnu++0x";
				CLANG_CXX_LIBRARY = "libc++";
				CLANG_ENABLE_MODULES = YES;
				CLANG_ENABLE_OBJC_ARC = YES;
				CLANG_WARN_BOOL_CONVERSION = YES;
				CLANG_WARN_CONSTANT_CONVERSION = YES;
				CLANG_WARN_DIRECT_OBJC_ISA_USAGE = YES_ERROR;
				CLANG_WARN_EMPTY_BODY = YES;
				CLANG_WARN_ENUM_CONVERSION = YES;
				CLANG_WARN_INT_CONVERSION = YES;
				CLANG_WARN_OBJC_ROOT_CLASS = YES_ERROR;
				CLANG_WARN_UNREACHABLE_CODE = YES;
				CLANG_WARN__DUPLICATE_METHOD_MATCH = YES;
				"CODE_SIGN_IDENTITY[sdk=iphoneos*]" = "iPhone Developer";
				COPY_PHASE_STRIP = NO;
				DEBUG_INFORMATION_FORMAT = dwarf;
				ENABLE_STRICT_OBJC_MSGSEND = YES;
				ENABLE_TESTABILITY = YES;
				GCC_C_LANGUAGE_STANDARD = gnu99;
				GCC_DYNAMIC_NO_PIC = NO;
				GCC_NO_COMMON_BLOCKS = YES;
				GCC_OPTIMIZATION_LEVEL = 0;
				GCC_PREPROCESSOR_DEFINITIONS = (
					"DEBUG=1",
					"$(inherited)",
				);
				GCC_WARN_64_TO_32_BIT_CONVERSION = YES;
				GCC_WARN_ABOUT_RETURN_TYPE = YES_ERROR;
				GCC_WARN_UNDECLARED_SELECTOR = YES;
				GCC_WARN_UNINITIALIZED_AUTOS = YES_AGGRESSIVE;
				GCC_WARN_UNUSED_FUNCTION = YES;
				GCC_WARN_UNUSED_VARIABLE = YES;
				IPHONEOS_DEPLOYMENT_TARGET = 9.0;
				MTL_ENABLE_DEBUG_INFO = YES;
				ONLY_ACTIVE_ARCH = YES;
				SDKROOT = iphoneos;
			};
			name = Debug;
		};
		36CE9B4F1BBA4377003028A3 /* Release */ = {
			isa = XCBuildConfiguration;
			buildSettings = {
				ALWAYS_SEARCH_USER_PATHS = NO;
				CLANG_CXX_LANGUAGE_STANDARD = "gnu++0x";
				CLANG_CXX_LIBRARY = "libc++";
				CLANG_ENABLE_MODULES = YES;
				CLANG_ENABLE_OBJC_ARC = YES;
				CLANG_WARN_BOOL_CONVERSION = YES;
				CLANG_WARN_CONSTANT_CONVERSION = YES;
				CLANG_WARN_DIRECT_OBJC_ISA_USAGE = YES_ERROR;
				CLANG_WARN_EMPTY_BODY = YES;
				CLANG_WARN_ENUM_CONVERSION = YES;
				CLANG_WARN_INT_CONVERSION = YES;
				CLANG_WARN_OBJC_ROOT_CLASS = YES_ERROR;
				CLANG_WARN_UNREACHABLE_CODE = YES;
				CLANG_WARN__DUPLICATE_METHOD_MATCH = YES;
				"CODE_SIGN_IDENTITY[sdk=iphoneos*]" = "iPhone Developer";
				COPY_PHASE_STRIP = NO;
				DEBUG_INFORMATION_FORMAT = "dwarf-with-dsym";
				ENABLE_NS_ASSERTIONS = NO;
				ENABLE_STRICT_OBJC_MSGSEND = YES;
				GCC_C_LANGUAGE_STANDARD = gnu99;
				GCC_NO_COMMON_BLOCKS = YES;
				GCC_WARN_64_TO_32_BIT_CONVERSION = YES;
				GCC_WARN_ABOUT_RETURN_TYPE = YES_ERROR;
				GCC_WARN_UNDECLARED_SELECTOR = YES;
				GCC_WARN_UNINITIALIZED_AUTOS = YES_AGGRESSIVE;
				GCC_WARN_UNUSED_FUNCTION = YES;
				GCC_WARN_UNUSED_VARIABLE = YES;
				IPHONEOS_DEPLOYMENT_TARGET = 9.0;
				MTL_ENABLE_DEBUG_INFO = NO;
				SDKROOT = iphoneos;
				VALIDATE_PRODUCT = YES;
			};
			name = Release;
		};
		36CE9B511BBA4377003028A3 /* Debug */ = {
			isa = XCBuildConfiguration;
			buildSettings = {
				ASSETCATALOG_COMPILER_APPICON_NAME = AppIcon;
				INFOPLIST_FILE = JSWebViewDemo/Info.plist;
				LD_RUNPATH_SEARCH_PATHS = "$(inherited) @executable_path/Frameworks";
				PRODUCT_BUNDLE_IDENTIFIER = com.haoyi.JSWebViewDemo;
				PRODUCT_NAME = "$(TARGET_NAME)";
			};
			name = Debug;
		};
		36CE9B521BBA4377003028A3 /* Release */ = {
			isa = XCBuildConfiguration;
			buildSettings = {
				ASSETCATALOG_COMPILER_APPICON_NAME = AppIcon;
				INFOPLIST_FILE = JSWebViewDemo/Info.plist;
				LD_RUNPATH_SEARCH_PATHS = "$(inherited) @executable_path/Frameworks";
				PRODUCT_BUNDLE_IDENTIFIER = com.haoyi.JSWebViewDemo;
				PRODUCT_NAME = "$(TARGET_NAME)";
			};
			name = Release;
		};
/* End XCBuildConfiguration section */

/* Begin XCConfigurationList section */
		36CE9B341BBA4377003028A3 /* Build configuration list for PBXProject "JSWebViewDemo" */ = {
			isa = XCConfigurationList;
			buildConfigurations = (
				36CE9B4E1BBA4377003028A3 /* Debug */,
				36CE9B4F1BBA4377003028A3 /* Release */,
			);
			defaultConfigurationIsVisible = 0;
			defaultConfigurationName = Release;
		};
		36CE9B501BBA4377003028A3 /* Build configuration list for PBXNativeTarget "JSWebViewDemo" */ = {
			isa = XCConfigurationList;
			buildConfigurations = (
				36CE9B511BBA4377003028A3 /* Debug */,
				36CE9B521BBA4377003028A3 /* Release */,
			);
			defaultConfigurationIsVisible = 0;
			defaultConfigurationName = Release;
		};
/* End XCConfigurationList section */
	};
	rootObject = 36CE9B311BBA4377003028A3 /* Project object */;
}
